
Microsoft Visual Studio Solution File, Format Version 12.00
# Visual Studio Version 17
VisualStudioVersion = 17.8.34511.84
MinimumVisualStudioVersion = 10.0.40219.1
Project("{2150E333-8FDC-42A3-9474-1A3956D46DE8}") = "Core", "Core", "{83FFEE23-B3E2-44B3-B94E-819AAD1BC1AA}"
EndProject
Project("{FAE04EC0-301F-11D3-BF4B-00C04F79EFBC}") = "UdemyCarBook.Domain", "Core\UdemyCarBook.Domain\UdemyCarBook.Domain.csproj", "{0E7CCE28-D199-4CEC-90EC-8493EB4F3181}"
EndProject
Project("{2150E333-8FDC-42A3-9474-1A3956D46DE8}") = "Infrastructure", "Infrastructure", "{4E8AF9F1-9ACA-4E0B-8D7C-73BE59DF2FB5}"
EndProject
Project("{FAE04EC0-301F-11D3-BF4B-00C04F79EFBC}") = "UdemyCarBook.Persistence", "Infrastructure\UdemyCarBook.Persistence\UdemyCarBook.Persistence.csproj", "{AD7A16E6-E17B-4353-A8A7-942E2AB5E809}"
EndProject
Project("{2150E333-8FDC-42A3-9474-1A3956D46DE8}") = "Presentation", "Presentation", "{BABC1DC7-4D87-44F9-802C-A5C98889E2AD}"
EndProject
Project("{FAE04EC0-301F-11D3-BF4B-00C04F79EFBC}") = "UdemyCarBook.WebApi", "Presentation\UdemyCarBook.WebApi\UdemyCarBook.WebApi.csproj", "{271AD2ED-2752-44D9-AD53-794E7A111F2B}"
EndProject
Project("{FAE04EC0-301F-11D3-BF4B-00C04F79EFBC}") = "UdemyCarBook.Application", "Core\UdemyCarBook.Application\UdemyCarBook.Application.csproj", "{26892927-E7C7-4666-9A56-85607133B26B}"
EndProject
Global
	GlobalSection(SolutionConfigurationPlatforms) = preSolution
		Debug|Any CPU = Debug|Any CPU
		Release|Any CPU = Release|Any CPU
	EndGlobalSection
	GlobalSection(ProjectConfigurationPlatforms) = postSolution
		{0E7CCE28-D199-4CEC-90EC-8493EB4F3181}.Debug|Any CPU.ActiveCfg = Debug|Any CPU
		{0E7CCE28-D199-4CEC-90EC-8493EB4F3181}.Debug|Any CPU.Build.0 = Debug|Any CPU
		{0E7CCE28-D199-4CEC-90EC-8493EB4F3181}.Release|Any CPU.ActiveCfg = Release|Any CPU
		{0E7CCE28-D199-4CEC-90EC-8493EB4F3181}.Release|Any CPU.Build.0 = Release|Any CPU
		{AD7A16E6-E17B-4353-A8A7-942E2AB5E809}.Debug|Any CPU.ActiveCfg = Debug|Any CPU
		{AD7A16E6-E17B-4353-A8A7-942E2AB5E809}.Debug|Any CPU.Build.0 = Debug|Any CPU
		{AD7A16E6-E17B-4353-A8A7-942E2AB5E809}.Release|Any CPU.ActiveCfg = Release|Any CPU
		{AD7A16E6-E17B-4353-A8A7-942E2AB5E809}.Release|Any CPU.Build.0 = Release|Any CPU
		{271AD2ED-2752-44D9-AD53-794E7A111F2B}.Debug|Any CPU.ActiveCfg = Debug|Any CPU
		{271AD2ED-2752-44D9-AD53-794E7A111F2B}.Debug|Any CPU.Build.0 = Debug|Any CPU
		{271AD2ED-2752-44D9-AD53-794E7A111F2B}.Release|Any CPU.ActiveCfg = Release|Any CPU
		{271AD2ED-2752-44D9-AD53-794E7A111F2B}.Release|Any CPU.Build.0 = Release|Any CPU
		{26892927-E7C7-4666-9A56-85607133B26B}.Debug|Any CPU.ActiveCfg = Debug|Any CPU
		{26892927-E7C7-4666-9A56-85607133B26B}.Debug|Any CPU.Build.0 = Debug|Any CPU
		{26892927-E7C7-4666-9A56-85607133B26B}.Release|Any CPU.ActiveCfg = Release|Any CPU
		{26892927-E7C7-4666-9A56-85607133B26B}.Release|Any CPU.Build.0 = Release|Any CPU
	EndGlobalSection
	GlobalSection(SolutionProperties) = preSolution
		HideSolutionNode = FALSE
	EndGlobalSection
	GlobalSection(NestedProjects) = preSolution
		{0E7CCE28-D199-4CEC-90EC-8493EB4F3181} = {83FFEE23-B3E2-44B3-B94E-819AAD1BC1AA}
		{AD7A16E6-E17B-4353-A8A7-942E2AB5E809} = {4E8AF9F1-9ACA-4E0B-8D7C-73BE59DF2FB5}
		{271AD2ED-2752-44D9-AD53-794E7A111F2B} = {BABC1DC7-4D87-44F9-802C-A5C98889E2AD}
		{26892927-E7C7-4666-9A56-85607133B26B} = {83FFEE23-B3E2-44B3-B94E-819AAD1BC1AA}
	EndGlobalSection
	GlobalSection(ExtensibilityGlobals) = postSolution
		SolutionGuid = {145CEC91-9966-4100-A9A4-3C44C593ADA8}
	EndGlobalSection
EndGlobal
